
Microsoft Visual Studio Solution File, Format Version 12.00
# Visual Studio 15
VisualStudioVersion = 15.0.28307.539
MinimumVisualStudioVersion = 10.0.40219.1
Project("{8BC9CEB8-8B4A-11D0-8D11-00A0C91BC942}") = "cafelRenderer", "cafelRenderer\cafelRenderer.vcxproj", "{7ABF7C0F-A192-48AC-9BBF-12886A1DF01F}"
EndProject
Global
	GlobalSection(SolutionConfigurationPlatforms) = preSolution
		Debug|x64 = Debug|x64
		Debug|x86 = Debug|x86
		Release|x64 = Release|x64
		Release|x86 = Release|x86
	EndGlobalSection
	GlobalSection(ProjectConfigurationPlatforms) = postSolution
		{7ABF7C0F-A192-48AC-9BBF-12886A1DF01F}.Debug|x64.ActiveCfg = Debug|x64
		{7ABF7C0F-A192-48AC-9BBF-12886A1DF01F}.Debug|x64.Build.0 = Debug|x64
		{7ABF7C0F-A192-48AC-9BBF-12886A1DF01F}.Debug|x86.ActiveCfg = Debug|Win32
		{7ABF7C0F-A192-48AC-9BBF-12886A1DF01F}.Debug|x86.Build.0 = Debug|Win32
		{7ABF7C0F-A192-48AC-9BBF-12886A1DF01F}.Release|x64.ActiveCfg = Release|x64
		{7ABF7C0F-A192-48AC-9BBF-12886A1DF01F}.Release|x64.Build.0 = Release|x64
		{7ABF7C0F-A192-48AC-9BBF-12886A1DF01F}.Release|x86.ActiveCfg = Release|Win32
		{7ABF7C0F-A192-48AC-9BBF-12886A1DF01F}.Release|x86.Build.0 = Release|Win32
	EndGlobalSection
	GlobalSection(SolutionProperties) = preSolution
		HideSolutionNode = FALSE
	EndGlobalSection
	GlobalSection(ExtensibilityGlobals) = postSolution
		SolutionGuid = {FDEC76F6-5927-42B5-BAB0-1F1F1484CCB4}
	EndGlobalSection
EndGlobal
